
Microsoft Visual Studio Solution File, Format Version 12.00
# Visual Studio Version 17
VisualStudioVersion = 17.8.34316.72
MinimumVisualStudioVersion = 10.0.40219.1
Project("{FAE04EC0-301F-11D3-BF4B-00C04F79EFBC}") = "SalesApp.UI", "SalesApp.UI\SalesApp.UI.csproj", "{8A1E4C0A-45E6-4C0F-B630-C97EC419A487}"
EndProject
Project("{FAE04EC0-301F-11D3-BF4B-00C04F79EFBC}") = "SalesApp.InfrastructureLayer", "SalesApp.InfrastructureLayer\SalesApp.InfrastructureLayer.csproj", "{D3E25440-DD65-4ED2-921E-304CA8E27983}"
EndProject
Project("{FAE04EC0-301F-11D3-BF4B-00C04F79EFBC}") = "SalesApp.DomainLayer", "SalesApp.DomainLayer\SalesApp.DomainLayer.csproj", "{CC541F7C-96A0-4F72-BC47-F4BB4B35F0EF}"
EndProject
Global
	GlobalSection(SolutionConfigurationPlatforms) = preSolution
		Debug|Any CPU = Debug|Any CPU
		Release|Any CPU = Release|Any CPU
	EndGlobalSection
	GlobalSection(ProjectConfigurationPlatforms) = postSolution
		{8A1E4C0A-45E6-4C0F-B630-C97EC419A487}.Debug|Any CPU.ActiveCfg = Debug|Any CPU
		{8A1E4C0A-45E6-4C0F-B630-C97EC419A487}.Debug|Any CPU.Build.0 = Debug|Any CPU
		{8A1E4C0A-45E6-4C0F-B630-C97EC419A487}.Release|Any CPU.ActiveCfg = Release|Any CPU
		{8A1E4C0A-45E6-4C0F-B630-C97EC419A487}.Release|Any CPU.Build.0 = Release|Any CPU
		{D3E25440-DD65-4ED2-921E-304CA8E27983}.Debug|Any CPU.ActiveCfg = Debug|Any CPU
		{D3E25440-DD65-4ED2-921E-304CA8E27983}.Debug|Any CPU.Build.0 = Debug|Any CPU
		{D3E25440-DD65-4ED2-921E-304CA8E27983}.Release|Any CPU.ActiveCfg = Release|Any CPU
		{D3E25440-DD65-4ED2-921E-304CA8E27983}.Release|Any CPU.Build.0 = Release|Any CPU
		{CC541F7C-96A0-4F72-BC47-F4BB4B35F0EF}.Debug|Any CPU.ActiveCfg = Debug|Any CPU
		{CC541F7C-96A0-4F72-BC47-F4BB4B35F0EF}.Debug|Any CPU.Build.0 = Debug|Any CPU
		{CC541F7C-96A0-4F72-BC47-F4BB4B35F0EF}.Release|Any CPU.ActiveCfg = Release|Any CPU
		{CC541F7C-96A0-4F72-BC47-F4BB4B35F0EF}.Release|Any CPU.Build.0 = Release|Any CPU
	EndGlobalSection
	GlobalSection(SolutionProperties) = preSolution
		HideSolutionNode = FALSE
	EndGlobalSection
	GlobalSection(ExtensibilityGlobals) = postSolution
		SolutionGuid = {2B4F4C58-E79D-40F9-BDEC-C3664BB25218}
	EndGlobalSection
EndGlobal
