
Microsoft Visual Studio Solution File, Format Version 12.00
# Visual Studio Version 17
VisualStudioVersion = 17.8.34316.72
MinimumVisualStudioVersion = 10.0.40219.1
Project("{FAE04EC0-301F-11D3-BF4B-00C04F79EFBC}") = "SalesApp.Core", "SalesApp.Core\SalesApp.Core.csproj", "{77DB5B8A-C200-4442-ADA8-E155A819C74D}"
EndProject
Global
	GlobalSection(SolutionConfigurationPlatforms) = preSolution
		Debug|Any CPU = Debug|Any CPU
		Release|Any CPU = Release|Any CPU
	EndGlobalSection
	GlobalSection(ProjectConfigurationPlatforms) = postSolution
		{77DB5B8A-C200-4442-ADA8-E155A819C74D}.Debug|Any CPU.ActiveCfg = Debug|Any CPU
		{77DB5B8A-C200-4442-ADA8-E155A819C74D}.Debug|Any CPU.Build.0 = Debug|Any CPU
		{77DB5B8A-C200-4442-ADA8-E155A819C74D}.Release|Any CPU.ActiveCfg = Release|Any CPU
		{77DB5B8A-C200-4442-ADA8-E155A819C74D}.Release|Any CPU.Build.0 = Release|Any CPU
	EndGlobalSection
	GlobalSection(SolutionProperties) = preSolution
		HideSolutionNode = FALSE
	EndGlobalSection
	GlobalSection(ExtensibilityGlobals) = postSolution
		SolutionGuid = {2B4F4C58-E79D-40F9-BDEC-C3664BB25218}
	EndGlobalSection
EndGlobal
